Microsoft Visual Studio Solution File, Format Version 12.00
# Visual Studio Version 17
VisualStudioVersion = 17.5.2.0
MinimumVisualStudioVersion = 10.0.40219.1
Project("{FAE04EC0-301F-11D3-BF4B-00C04F79EFBC}") = "Algorithms", "Algorithms.csproj", "{26388BB5-840D-EA43-8D8E-7DFEB7610F7D}"
EndProject
Global
	GlobalSection(SolutionConfigurationPlatforms) = preSolution
		Debug|Any CPU = Debug|Any CPU
		Release|Any CPU = Release|Any CPU
	EndGlobalSection
	GlobalSection(ProjectConfigurationPlatforms) = postSolution
		{26388BB5-840D-EA43-8D8E-7DFEB7610F7D}.Debug|Any CPU.ActiveCfg = Debug|Any CPU
		{26388BB5-840D-EA43-8D8E-7DFEB7610F7D}.Debug|Any CPU.Build.0 = Debug|Any CPU
		{26388BB5-840D-EA43-8D8E-7DFEB7610F7D}.Release|Any CPU.ActiveCfg = Release|Any CPU
		{26388BB5-840D-EA43-8D8E-7DFEB7610F7D}.Release|Any CPU.Build.0 = Release|Any CPU
	EndGlobalSection
	GlobalSection(SolutionProperties) = preSolution
		HideSolutionNode = FALSE
	EndGlobalSection
	GlobalSection(ExtensibilityGlobals) = postSolution
		SolutionGuid = {CCEDBB70-3F44-4D16-8DE5-AC00F36125E6}
	EndGlobalSection
EndGlobal
