Microsoft Visual Studio Solution File, Format Version 12.00
# Visual Studio Version 17
VisualStudioVersion = 17.5.2.0
MinimumVisualStudioVersion = 10.0.40219.1
Project("{FAE04EC0-301F-11D3-BF4B-00C04F79EFBC}") = ".", ".\DataStructuresStudy.csproj", "{06627D78-63A4-6327-FB63-4625F301F346}"
EndProject
Global
	GlobalSection(SolutionConfigurationPlatforms) = preSolution
		Debug|Any CPU = Debug|Any CPU
		Release|Any CPU = Release|Any CPU
	EndGlobalSection
	GlobalSection(ProjectConfigurationPlatforms) = postSolution
		{06627D78-63A4-6327-FB63-4625F301F346}.Debug|Any CPU.ActiveCfg = Debug|Any CPU
		{06627D78-63A4-6327-FB63-4625F301F346}.Debug|Any CPU.Build.0 = Debug|Any CPU
		{06627D78-63A4-6327-FB63-4625F301F346}.Release|Any CPU.ActiveCfg = Release|Any CPU
		{06627D78-63A4-6327-FB63-4625F301F346}.Release|Any CPU.Build.0 = Release|Any CPU
	EndGlobalSection
	GlobalSection(SolutionProperties) = preSolution
		HideSolutionNode = FALSE
	EndGlobalSection
	GlobalSection(ExtensibilityGlobals) = postSolution
		SolutionGuid = {88DECA06-11EC-44E8-8274-61330AC2B9C8}
	EndGlobalSection
EndGlobal
